
Microsoft Visual Studio Solution File, Format Version 12.00
# Visual Studio 2013
VisualStudioVersion = 12.0.21005.1
MinimumVisualStudioVersion = 10.0.40219.1
Project("{FAE04EC0-301F-11D3-BF4B-00C04F79EFBC}") = "Quiron.LojaVirtual.Dominio", "Quiron.LojaVirtual.Dominio\Quiron.LojaVirtual.Dominio.csproj", "{2AC9474A-D7E7-4B82-93AB-8026F032C72F}"
EndProject
Project("{FAE04EC0-301F-11D3-BF4B-00C04F79EFBC}") = "Quiron.LojaVirtual.Web", "Quiron.LojaVirtual.Web\Quiron.LojaVirtual.Web.csproj", "{A9D70EEF-DE85-4505-B1E6-55FD008131F9}"
EndProject
Project("{FAE04EC0-301F-11D3-BF4B-00C04F79EFBC}") = "Quiron.LojaVirtual.UnitTest", "Quiron.LojaVirtual.UnitTest\Quiron.LojaVirtual.UnitTest.csproj", "{09103A76-AB69-4C5F-8D92-155C95CFE284}"
EndProject
Global
	GlobalSection(SolutionConfigurationPlatforms) = preSolution
		Debug|Any CPU = Debug|Any CPU
		Release|Any CPU = Release|Any CPU
	EndGlobalSection
	GlobalSection(ProjectConfigurationPlatforms) = postSolution
		{2AC9474A-D7E7-4B82-93AB-8026F032C72F}.Debug|Any CPU.ActiveCfg = Debug|Any CPU
		{2AC9474A-D7E7-4B82-93AB-8026F032C72F}.Debug|Any CPU.Build.0 = Debug|Any CPU
		{2AC9474A-D7E7-4B82-93AB-8026F032C72F}.Release|Any CPU.ActiveCfg = Release|Any CPU
		{2AC9474A-D7E7-4B82-93AB-8026F032C72F}.Release|Any CPU.Build.0 = Release|Any CPU
		{A9D70EEF-DE85-4505-B1E6-55FD008131F9}.Debug|Any CPU.ActiveCfg = Debug|Any CPU
		{A9D70EEF-DE85-4505-B1E6-55FD008131F9}.Debug|Any CPU.Build.0 = Debug|Any CPU
		{A9D70EEF-DE85-4505-B1E6-55FD008131F9}.Release|Any CPU.ActiveCfg = Release|Any CPU
		{A9D70EEF-DE85-4505-B1E6-55FD008131F9}.Release|Any CPU.Build.0 = Release|Any CPU
		{09103A76-AB69-4C5F-8D92-155C95CFE284}.Debug|Any CPU.ActiveCfg = Debug|Any CPU
		{09103A76-AB69-4C5F-8D92-155C95CFE284}.Debug|Any CPU.Build.0 = Debug|Any CPU
		{09103A76-AB69-4C5F-8D92-155C95CFE284}.Release|Any CPU.ActiveCfg = Release|Any CPU
		{09103A76-AB69-4C5F-8D92-155C95CFE284}.Release|Any CPU.Build.0 = Release|Any CPU
	EndGlobalSection
	GlobalSection(SolutionProperties) = preSolution
		HideSolutionNode = FALSE
	EndGlobalSection
EndGlobal
